PATH
  remote: /Users/ben/src/ar_mysql_flexmaster
  specs:
    ar_mysql_flexmaster (0.4.4)
      activerecord
      activesupport
      mysql2

GEM
  remote: https://rubygems.org/
  specs:
    actionmailer (2.3.18)
      actionpack (= 2.3.18)
    actionpack (2.3.18)
      activesupport (= 2.3.18)
      rack (~> 1.1.0)
    activerecord (2.3.18)
      activesupport (= 2.3.18)
    activeresource (2.3.18)
      activesupport (= 2.3.18)
    activesupport (2.3.18)
    appraisal (0.5.2)
      bundler
      rake
    bump (0.4.2)
    columnize (0.3.6)
    debugger (1.5.0)
      columnize (>= 0.3.1)
      debugger-linecache (~> 1.2.0)
      debugger-ruby_core_source (~> 1.2.0)
    debugger-linecache (1.2.0)
    debugger-ruby_core_source (1.2.0)
    mysql2 (0.2.18)
    mysql_isolated_server (0.1.1)
    rack (1.1.6)
    rails (2.3.18)
      actionmailer (= 2.3.18)
      actionpack (= 2.3.18)
      activerecord (= 2.3.18)
      activeresource (= 2.3.18)
      activesupport (= 2.3.18)
      rake (>= 0.8.3)
    rake (10.0.4)

PLATFORMS
  ruby

DEPENDENCIES
  appraisal
  ar_mysql_flexmaster!
  bump
  debugger (~> 1.5.0)
  mysql2 (~> 0.2.0)
  mysql_isolated_server (~> 0.1.1)
  rails (~> 2.3.15)
