PATH
  remote: ../
  specs:
    ar_mysql_flexmaster (0.4.4)
      activerecord
      activesupport
      mysql2

GEM
  remote: https://rubygems.org/
  specs:
    actionmailer (2.3.18)
      actionpack (= 2.3.18)
    actionpack (2.3.18)
      activesupport (= 2.3.18)
      rack (~> 1.1.0)
    activerecord (2.3.18)
      activesupport (= 2.3.18)
    activeresource (2.3.18)
      activesupport (= 2.3.18)
    activesupport (2.3.18)
    bump (0.5.1)
    minitest (5.4.3)
    mysql2 (0.2.18)
    mysql_isolated_server (0.5.3)
    rack (1.1.6)
    rails (2.3.18)
      actionmailer (= 2.3.18)
      actionpack (= 2.3.18)
      activerecord (= 2.3.18)
      activeresource (= 2.3.18)
      activesupport (= 2.3.18)
      rake (>= 0.8.3)
    rake (10.4.2)
    wwtd (0.5.5)

PLATFORMS
  ruby

DEPENDENCIES
  ar_mysql_flexmaster!
  bump
  minitest
  mysql2 (~> 0.2.0, <= 0.2.18)
  mysql_isolated_server (~> 0.5)
  rails (~> 2.3.15)
  rake
  wwtd
